<?xml version="1.0" encoding="utf-8"?>
<Project ToolsVersion="4.0" xmlns="http://schemas.microsoft.com/developer/msbuild/2003">
  <ItemGroup>
    <Filter Include="ソース ファイル">
      <UniqueIdentifier>{4FC737F1-C7A5-4376-A066-2A32D752A2FF}</UniqueIdentifier>
      <Extensions>cpp;c;cc;cxx;def;odl;idl;hpj;bat;asm;asmx</Extensions>
    </Filter>
    <Filter Include="ヘッダー ファイル">
      <UniqueIdentifier>{93995380-89BD-4b04-88EB-625FBE52EBFB}</UniqueIdentifier>
      <Extensions>h;hh;hpp;hxx;hm;inl;inc;ipp;xsd</Extensions>
    </Filter>
    <Filter Include="リソース ファイル">
      <UniqueIdentifier>{67DA6AB6-F800-4c08-8B7A-83BB121AAD01}</UniqueIdentifier>
      <Extensions>rc;ico;cur;bmp;dlg;rc2;rct;bin;rgs;gif;jpg;jpeg;jpe;resx;tiff;tif;png;wav;mfcribbon-ms</Extensions>
    </Filter>
    <Filter Include="ソース ファイル\Main">
      <UniqueIdentifier>{a9ae5dd6-3d3d-4e59-958c-d9fb580d85f1}</UniqueIdentifier>
    </Filter>
    <Filter Include="ソース ファイル\Xinput">
      <UniqueIdentifier>{cffc4e8c-d009-4ba5-806d-ffc760b57c26}</UniqueIdentifier>
    </Filter>
    <Filter Include="ソース ファイル\Render">
      <UniqueIdentifier>{6b297642-e39f-48b2-91d6-4c6ac17ea46c}</UniqueIdentifier>
    </Filter>
    <Filter Include="ソース ファイル\Application">
      <UniqueIdentifier>{74a8a568-8750-4c7d-8871-e3f60a56a9ee}</UniqueIdentifier>
    </Filter>
    <Filter Include="ソース ファイル\Application\Player">
      <UniqueIdentifier>{cad05cad-e4c8-4577-aa2a-87e564e2d248}</UniqueIdentifier>
    </Filter>
    <Filter Include="ソース ファイル\Application\BackGround">
      <UniqueIdentifier>{be4f287f-ddde-420a-a448-f2609891df57}</UniqueIdentifier>
    </Filter>
  </ItemGroup>
  <ItemGroup>
    <ClCompile Include="Main.cpp">
      <Filter>ソース ファイル\Main</Filter>
    </ClCompile>
    <ClCompile Include="Render.cpp">
      <Filter>ソース ファイル\Render</Filter>
    </ClCompile>
    <ClCompile Include="XinputDevice.cpp">
      <Filter>ソース ファイル\Xinput</Filter>
    </ClCompile>
    <ClCompile Include="Application.cpp">
      <Filter>ソース ファイル\Application</Filter>
    </ClCompile>
    <ClCompile Include="Player.cpp">
      <Filter>ソース ファイル\Application\Player</Filter>
    </ClCompile>
    <ClCompile Include="BackGround.cpp">
      <Filter>ソース ファイル\Application\BackGround</Filter>
    </ClCompile>
  </ItemGroup>
  <ItemGroup>
    <ClInclude Include="Main.h">
      <Filter>ソース ファイル\Main</Filter>
    </ClInclude>
    <ClInclude Include="Render.h">
      <Filter>ソース ファイル\Render</Filter>
    </ClInclude>
    <ClInclude Include="XinputDevice.h">
      <Filter>ソース ファイル\Xinput</Filter>
    </ClInclude>
    <ClInclude Include="Application.h">
      <Filter>ソース ファイル\Application</Filter>
    </ClInclude>
    <ClInclude Include="Player.h">
      <Filter>ソース ファイル\Application\Player</Filter>
    </ClInclude>
    <ClInclude Include="BackGround.h">
      <Filter>ソース ファイル\Application\BackGround</Filter>
    </ClInclude>
  </ItemGroup>
</Project>