
Microsoft Visual Studio Solution File, Format Version 12.00
# Visual Studio 15
VisualStudioVersion = 15.0.27428.2015
MinimumVisualStudioVersion = 10.0.40219.1
Project("{8BC9CEB8-8B4A-11D0-8D11-00A0C91BC942}") = "Numer0n", "Numer0n\Numer0n.vcxproj", "{AF961002-6B51-4F00-8E74-FBC4E879AFCD}"
EndProject
Global
	GlobalSection(SolutionConfigurationPlatforms) = preSolution
		Debug|x64 = Debug|x64
		Debug|x86 = Debug|x86
		Release|x64 = Release|x64
		Release|x86 = Release|x86
	EndGlobalSection
	GlobalSection(ProjectConfigurationPlatforms) = postSolution
		{AF961002-6B51-4F00-8E74-FBC4E879AFCD}.Debug|x64.ActiveCfg = Debug|x64
		{AF961002-6B51-4F00-8E74-FBC4E879AFCD}.Debug|x64.Build.0 = Debug|x64
		{AF961002-6B51-4F00-8E74-FBC4E879AFCD}.Debug|x86.ActiveCfg = Debug|Win32
		{AF961002-6B51-4F00-8E74-FBC4E879AFCD}.Debug|x86.Build.0 = Debug|Win32
		{AF961002-6B51-4F00-8E74-FBC4E879AFCD}.Release|x64.ActiveCfg = Release|x64
		{AF961002-6B51-4F00-8E74-FBC4E879AFCD}.Release|x64.Build.0 = Release|x64
		{AF961002-6B51-4F00-8E74-FBC4E879AFCD}.Release|x86.ActiveCfg = Release|Win32
		{AF961002-6B51-4F00-8E74-FBC4E879AFCD}.Release|x86.Build.0 = Release|Win32
	EndGlobalSection
	GlobalSection(SolutionProperties) = preSolution
		HideSolutionNode = FALSE
	EndGlobalSection
	GlobalSection(ExtensibilityGlobals) = postSolution
		SolutionGuid = {7D5263EC-6A06-47BC-854A-560B0F3F27B6}
	EndGlobalSection
EndGlobal
